
Microsoft Visual Studio Solution File, Format Version 12.00
# Visual Studio Version 16
VisualStudioVersion = 16.0.30907.101
MinimumVisualStudioVersion = 10.0.40219.1
Project("{FAE04EC0-301F-11D3-BF4B-00C04F79EFBC}") = "eCart", "eCart.csproj", "{8C3CB253-F9AC-49E4-A9BA-60EC68499289}"
EndProject
Global
	GlobalSection(SolutionConfigurationPlatforms) = preSolution
		Debug|Any CPU = Debug|Any CPU
		Release|Any CPU = Release|Any CPU
	EndGlobalSection
	GlobalSection(ProjectConfigurationPlatforms) = postSolution
		{8C3CB253-F9AC-49E4-A9BA-60EC68499289}.Debug|Any CPU.ActiveCfg = Debug|Any CPU
		{8C3CB253-F9AC-49E4-A9BA-60EC68499289}.Debug|Any CPU.Build.0 = Debug|Any CPU
		{8C3CB253-F9AC-49E4-A9BA-60EC68499289}.Release|Any CPU.ActiveCfg = Release|Any CPU
		{8C3CB253-F9AC-49E4-A9BA-60EC68499289}.Release|Any CPU.Build.0 = Release|Any CPU
	EndGlobalSection
	GlobalSection(SolutionProperties) = preSolution
		HideSolutionNode = FALSE
	EndGlobalSection
	GlobalSection(ExtensibilityGlobals) = postSolution
		SolutionGuid = {DF6BAB7A-37D6-4E3B-BB5B-AD7AE93506BE}
	EndGlobalSection
EndGlobal
